
Microsoft Visual Studio Solution File, Format Version 12.00
# Visual Studio Version 16
VisualStudioVersion = 16.0.30907.101
MinimumVisualStudioVersion = 10.0.40219.1
Project("{FAE04EC0-301F-11D3-BF4B-00C04F79EFBC}") = "HREmroll", "HREmroll\HREmroll.csproj", "{B12EF03B-41C8-4721-8413-7F69D4229F71}"
EndProject
Global
	GlobalSection(SolutionConfigurationPlatforms) = preSolution
		Debug|Any CPU = Debug|Any CPU
		Release|Any CPU = Release|Any CPU
	EndGlobalSection
	GlobalSection(ProjectConfigurationPlatforms) = postSolution
		{B12EF03B-41C8-4721-8413-7F69D4229F71}.Debug|Any CPU.ActiveCfg = Debug|Any CPU
		{B12EF03B-41C8-4721-8413-7F69D4229F71}.Debug|Any CPU.Build.0 = Debug|Any CPU
		{B12EF03B-41C8-4721-8413-7F69D4229F71}.Release|Any CPU.ActiveCfg = Release|Any CPU
		{B12EF03B-41C8-4721-8413-7F69D4229F71}.Release|Any CPU.Build.0 = Release|Any CPU
	EndGlobalSection
	GlobalSection(SolutionProperties) = preSolution
		HideSolutionNode = FALSE
	EndGlobalSection
	GlobalSection(ExtensibilityGlobals) = postSolution
		SolutionGuid = {1BC13D2D-D566-4AB7-B6D7-29F995A685CB}
	EndGlobalSection
EndGlobal
